{
  "name": "claude-connect-do",
  "version": "1.0.2",
  "lockfileVersion": 3,
  "requires": true,
  "packages": {
    "": {
      "name": "claude-connect-do",
      "version": "1.0.2",
      "license": "MIT",
      "os": [
        "darwin",
        "linux",
        "win32"
      ],
      "bin": {
        "claude-connect-do": "bin/claude-connect-do.js"
      },
      "engines": {
        "node": ">=18"
      }
    }
  }
}
